
Microsoft Visual Studio Solution File, Format Version 12.00
# Visual Studio Version 16
VisualStudioVersion = 16.0.31321.278
MinimumVisualStudioVersion = 10.0.40219.1
Project("{FAE04EC0-301F-11D3-BF4B-00C04F79EFBC}") = "serCompras", "serCompras\serCompras.csproj", "{0251B0A9-44BC-4C5B-9C27-2B50B592294A}"
EndProject
Global
	GlobalSection(SolutionConfigurationPlatforms) = preSolution
		Debug|Any CPU = Debug|Any CPU
		Release|Any CPU = Release|Any CPU
	EndGlobalSection
	GlobalSection(ProjectConfigurationPlatforms) = postSolution
		{0251B0A9-44BC-4C5B-9C27-2B50B592294A}.Debug|Any CPU.ActiveCfg = Debug|Any CPU
		{0251B0A9-44BC-4C5B-9C27-2B50B592294A}.Debug|Any CPU.Build.0 = Debug|Any CPU
		{0251B0A9-44BC-4C5B-9C27-2B50B592294A}.Release|Any CPU.ActiveCfg = Release|Any CPU
		{0251B0A9-44BC-4C5B-9C27-2B50B592294A}.Release|Any CPU.Build.0 = Release|Any CPU
	EndGlobalSection
	GlobalSection(SolutionProperties) = preSolution
		HideSolutionNode = FALSE
	EndGlobalSection
	GlobalSection(ExtensibilityGlobals) = postSolution
		SolutionGuid = {5926C2CB-4E6E-467B-913E-959365755211}
	EndGlobalSection
EndGlobal
